
Microsoft Visual Studio Solution File, Format Version 12.00
# Visual Studio Version 17
VisualStudioVersion = 17.2.32630.192
MinimumVisualStudioVersion = 10.0.40219.1
Project("{FAE04EC0-301F-11D3-BF4B-00C04F79EFBC}") = "Server", "Server\Server.csproj", "{117382A8-F158-407F-B4FA-27FE9A2B2047}"
EndProject
Project("{FAE04EC0-301F-11D3-BF4B-00C04F79EFBC}") = "Client", "Client\Client.csproj", "{0C712BC9-CCC2-4F85-A34F-2B6C8E7DA015}"
EndProject
Global
	GlobalSection(SolutionConfigurationPlatforms) = preSolution
		Debug|Any CPU = Debug|Any CPU
		Release|Any CPU = Release|Any CPU
	EndGlobalSection
	GlobalSection(ProjectConfigurationPlatforms) = postSolution
		{117382A8-F158-407F-B4FA-27FE9A2B2047}.Debug|Any CPU.ActiveCfg = Debug|Any CPU
		{117382A8-F158-407F-B4FA-27FE9A2B2047}.Debug|Any CPU.Build.0 = Debug|Any CPU
		{117382A8-F158-407F-B4FA-27FE9A2B2047}.Release|Any CPU.ActiveCfg = Release|Any CPU
		{117382A8-F158-407F-B4FA-27FE9A2B2047}.Release|Any CPU.Build.0 = Release|Any CPU
		{0C712BC9-CCC2-4F85-A34F-2B6C8E7DA015}.Debug|Any CPU.ActiveCfg = Debug|Any CPU
		{0C712BC9-CCC2-4F85-A34F-2B6C8E7DA015}.Debug|Any CPU.Build.0 = Debug|Any CPU
		{0C712BC9-CCC2-4F85-A34F-2B6C8E7DA015}.Release|Any CPU.ActiveCfg = Release|Any CPU
		{0C712BC9-CCC2-4F85-A34F-2B6C8E7DA015}.Release|Any CPU.Build.0 = Release|Any CPU
	EndGlobalSection
	GlobalSection(SolutionProperties) = preSolution
		HideSolutionNode = FALSE
	EndGlobalSection
	GlobalSection(ExtensibilityGlobals) = postSolution
		SolutionGuid = {F2F01933-B087-4836-B5AB-73417F9D9BA7}
	EndGlobalSection
EndGlobal
